Microsoft Visual Studio Solution File, Format Version 12.00
# Visual Studio Version 17
VisualStudioVersion = 17.5.2.0
MinimumVisualStudioVersion = 10.0.40219.1
Project("{FAE04EC0-301F-11D3-BF4B-00C04F79EFBC}") = "LeadManagementAPI", "LeadManagementAPI.csproj", "{2883CD86-3000-3959-3D8B-7C0DBCBE0683}"
EndProject
Global
	GlobalSection(SolutionConfigurationPlatforms) = preSolution
		Debug|Any CPU = Debug|Any CPU
		Release|Any CPU = Release|Any CPU
	EndGlobalSection
	GlobalSection(ProjectConfigurationPlatforms) = postSolution
		{2883CD86-3000-3959-3D8B-7C0DBCBE0683}.Debug|Any CPU.ActiveCfg = Debug|Any CPU
		{2883CD86-3000-3959-3D8B-7C0DBCBE0683}.Debug|Any CPU.Build.0 = Debug|Any CPU
		{2883CD86-3000-3959-3D8B-7C0DBCBE0683}.Release|Any CPU.ActiveCfg = Release|Any CPU
		{2883CD86-3000-3959-3D8B-7C0DBCBE0683}.Release|Any CPU.Build.0 = Release|Any CPU
	EndGlobalSection
	GlobalSection(SolutionProperties) = preSolution
		HideSolutionNode = FALSE
	EndGlobalSection
	GlobalSection(ExtensibilityGlobals) = postSolution
		SolutionGuid = {00D937C7-D401-44BC-AFCD-A89E8666B0A5}
	EndGlobalSection
EndGlobal
